{
  "requires": true,
  "lockfileVersion": 1,
  "dependencies": {
    "uniapp-qrcode": {
      "version": "1.0.2",
      "resolved": "https://registry.npmjs.org/uniapp-qrcode/-/uniapp-qrcode-1.0.2.tgz",
      "integrity": "sha512-jcWwWz4yXsO7if/+78MMXj5VUdZTLu2D6L/IKb4mJkIw87oF11pO3WS/jS27SUcPCrX/BKcir5a2R1uvkaoR9g=="
    }
  }
}
